{
    "requires": true,
    "lockfileVersion": 1,
    "dependencies": {
        "tinymce": {
            "version": "5.7.1",
            "resolved": "https://registry.npmjs.org/tinymce/-/tinymce-5.7.1.tgz",
            "integrity": "sha512-1gY8RClc734srSlkYwY0MQzmkS1j73PuPC+nYtNtrrQVPY9VNcZ4bOiRwzTbdjPPD8GOtv6BAk8Ww/H2RiqKpA=="
        }
    }
}
